// !$*UTF8*$!
{
	archiveVersion = 1;
	classes = {
	};
	objectVersion = 46;
	objects = {

/* Begin PBXBuildFile section */
		8232F9871C47537B002B1B8E /* AppDelegate.swift in Sources */ = {isa = PBXBuildFile; fileRef = 8232F9861C47537B002B1B8E /* AppDelegate.swift */; };
		8232F9891C47537B002B1B8E /* PopularViewController.swift in Sources */ = {isa = PBXBuildFile; fileRef = 8232F9881C47537B002B1B8E /* PopularViewController.swift */; };
		8232F98C1C47537B002B1B8E /* Main.storyboard in Resources */ = {isa = PBXBuildFile; fileRef = 8232F98A1C47537B002B1B8E /* Main.storyboard */; };
		8232F98E1C47537B002B1B8E /* Assets.xcassets in Resources */ = {isa = PBXBuildFile; fileRef = 8232F98D1C47537B002B1B8E /* Assets.xcassets */; };
		8232F9911C47537B002B1B8E /* LaunchScreen.storyboard in Resources */ = {isa = PBXBuildFile; fileRef = 8232F98F1C47537B002B1B8E /* LaunchScreen.storyboard */; };
		8232F99C1C47537B002B1B8E /* ZTWWikiTests.swift in Sources */ = {isa = PBXBuildFile; fileRef = 8232F99B1C47537B002B1B8E /* ZTWWikiTests.swift */; };
		8232F9A71C47537B002B1B8E /* ZTWWikiUITests.swift in Sources */ = {isa = PBXBuildFile; fileRef = 8232F9A61C47537B002B1B8E /* ZTWWikiUITests.swift */; };
		8232F9B71C4753CA002B1B8E /* PopularAPI.swift in Sources */ = {isa = PBXBuildFile; fileRef = 8232F9B61C4753CA002B1B8E /* PopularAPI.swift */; };
		8232F9BB1C475405002B1B8E /* PopularURL.swift in Sources */ = {isa = PBXBuildFile; fileRef = 8232F9BA1C475405002B1B8E /* PopularURL.swift */; };
		8232F9BF1C47541C002B1B8E /* PopularStore.swift in Sources */ = {isa = PBXBuildFile; fileRef = 8232F9BE1C47541C002B1B8E /* PopularStore.swift */; };
		8232F9C51C47ACB0002B1B8E /* SwiftyJSON.swift in Sources */ = {isa = PBXBuildFile; fileRef = 8232F9C41C47ACB0002B1B8E /* SwiftyJSON.swift */; };
		8232F9C71C47EEA3002B1B8E /* ItemCell.swift in Sources */ = {isa = PBXBuildFile; fileRef = 8232F9C61C47EEA3002B1B8E /* ItemCell.swift */; };
/* End PBXBuildFile section */

/* Begin PBXContainerItemProxy section */
		8232F9981C47537B002B1B8E /* PBXContainerItemProxy */ = {
			isa = PBXContainerItemProxy;
			containerPortal = 8232F97B1C47537B002B1B8E /* Project object */;
			proxyType = 1;
			remoteGlobalIDString = 8232F9821C47537B002B1B8E;
			remoteInfo = ZTWWiki;
		};
		8232F9A31C47537B002B1B8E /* PBXContainerItemProxy */ = {
			isa = PBXContainerItemProxy;
			containerPortal = 8232F97B1C47537B002B1B8E /* Project object */;
			proxyType = 1;
			remoteGlobalIDString = 8232F9821C47537B002B1B8E;
			remoteInfo = ZTWWiki;
		};
/* End PBXContainerItemProxy section */

/* Begin PBXFileReference section */
		8232F9831C47537B002B1B8E /* ZTWWiki.app */ = {isa = PBXFileReference; explicitFileType = wrapper.application; includeInIndex = 0; path = ZTWWiki.app; sourceTree = BUILT_PRODUCTS_DIR; };
		8232F9861C47537B002B1B8E /* AppDelegate.swift */ = {isa = PBXFileReference; lastKnownFileType = sourcecode.swift; path = AppDelegate.swift; sourceTree = "<group>"; };
		8232F9881C47537B002B1B8E /* PopularViewController.swift */ = {isa = PBXFileReference; lastKnownFileType = sourcecode.swift; path = PopularViewController.swift; sourceTree = "<group>"; };
		8232F98B1C47537B002B1B8E /* Base */ = {isa = PBXFileReference; lastKnownFileType = file.storyboard; name = Base; path = Base.lproj/Main.storyboard; sourceTree = "<group>"; };
		8232F98D1C47537B002B1B8E /* Assets.xcassets */ = {isa = PBXFileReference; lastKnownFileType = folder.assetcatalog; path = Assets.xcassets; sourceTree = "<group>"; };
		8232F9901C47537B002B1B8E /* Base */ = {isa = PBXFileReference; lastKnownFileType = file.storyboard; name = Base; path = Base.lproj/LaunchScreen.storyboard; sourceTree = "<group>"; };
		8232F9921C47537B002B1B8E /* Info.plist */ = {isa = PBXFileReference; lastKnownFileType = text.plist.xml; path = Info.plist; sourceTree = "<group>"; };
		8232F9971C47537B002B1B8E /* ZTWWikiTests.xctest */ = {isa = PBXFileReference; explicitFileType = wrapper.cfbundle; includeInIndex = 0; path = ZTWWikiTests.xctest; sourceTree = BUILT_PRODUCTS_DIR; };
		8232F99B1C47537B002B1B8E /* ZTWWikiTests.swift */ = {isa = PBXFileReference; lastKnownFileType = sourcecode.swift; path = ZTWWikiTests.swift; sourceTree = "<group>"; };
		8232F99D1C47537B002B1B8E /* Info.plist */ = {isa = PBXFileReference; lastKnownFileType = text.plist.xml; path = Info.plist; sourceTree = "<group>"; };
		8232F9A21C47537B002B1B8E /* ZTWWikiUITests.xctest */ = {isa = PBXFileReference; explicitFileType = wrapper.cfbundle; includeInIndex = 0; path = ZTWWikiUITests.xctest; sourceTree = BUILT_PRODUCTS_DIR; };
		8232F9A61C47537B002B1B8E /* ZTWWikiUITests.swift */ = {isa = PBXFileReference; lastKnownFileType = sourcecode.swift; path = ZTWWikiUITests.swift; sourceTree = "<group>"; };
		8232F9A81C47537B002B1B8E /* Info.plist */ = {isa = PBXFileReference; lastKnownFileType = text.plist.xml; path = Info.plist; sourceTree = "<group>"; };
		8232F9B61C4753CA002B1B8E /* PopularAPI.swift */ = {isa = PBXFileReference; fileEncoding = 4; lastKnownFileType = sourcecode.swift; name = PopularAPI.swift; path = ../PopularAPI.swift; sourceTree = "<group>"; };
		8232F9BA1C475405002B1B8E /* PopularURL.swift */ = {isa = PBXFileReference; fileEncoding = 4; lastKnownFileType = sourcecode.swift; path = PopularURL.swift; sourceTree = "<group>"; };
		8232F9BE1C47541C002B1B8E /* PopularStore.swift */ = {isa = PBXFileReference; fileEncoding = 4; lastKnownFileType = sourcecode.swift; path = PopularStore.swift; sourceTree = "<group>"; };
		8232F9C41C47ACB0002B1B8E /* SwiftyJSON.swift */ = {isa = PBXFileReference; fileEncoding = 4; lastKnownFileType = sourcecode.swift; path = SwiftyJSON.swift; sourceTree = "<group>"; };
		8232F9C61C47EEA3002B1B8E /* ItemCell.swift */ = {isa = PBXFileReference; fileEncoding = 4; lastKnownFileType = sourcecode.swift; path = ItemCell.swift; sourceTree = "<group>"; };
/* End PBXFileReference section */

/* Begin PBXFrameworksBuildPhase section */
		8232F9801C47537B002B1B8E /* Frameworks */ = {
			isa = PBXFrameworksBuildPhase;
			buildActionMask = 2147483647;
			files = (
			);
			runOnlyForDeploymentPostprocessing = 0;
		};
		8232F9941C47537B002B1B8E /* Frameworks */ = {
			isa = PBXFrameworksBuildPhase;
			buildActionMask = 2147483647;
			files = (
			);
			runOnlyForDeploymentPostprocessing = 0;
		};
		8232F99F1C47537B002B1B8E /* Frameworks */ = {
			isa = PBXFrameworksBuildPhase;
			buildActionMask = 2147483647;
			files = (
			);
			runOnlyForDeploymentPostprocessing = 0;
		};
/* End PBXFrameworksBuildPhase section */

/* Begin PBXGroup section */
		8232F97A1C47537B002B1B8E = {
			isa = PBXGroup;
			children = (
				8232F9C41C47ACB0002B1B8E /* SwiftyJSON.swift */,
				8232F9851C47537B002B1B8E /* ZTWWiki */,
				8232F99A1C47537B002B1B8E /* ZTWWikiTests */,
				8232F9A51C47537B002B1B8E /* ZTWWikiUITests */,
				8232F9841C47537B002B1B8E /* Products */,
			);
			sourceTree = "<group>";
		};
		8232F9841C47537B002B1B8E /* Products */ = {
			isa = PBXGroup;
			children = (
				8232F9831C47537B002B1B8E /* ZTWWiki.app */,
				8232F9971C47537B002B1B8E /* ZTWWikiTests.xctest */,
				8232F9A21C47537B002B1B8E /* ZTWWikiUITests.xctest */,
			);
			name = Products;
			sourceTree = "<group>";
		};
		8232F9851C47537B002B1B8E /* ZTWWiki */ = {
			isa = PBXGroup;
			children = (
				8232F9861C47537B002B1B8E /* AppDelegate.swift */,
				8232F9881C47537B002B1B8E /* PopularViewController.swift */,
				8232F9B61C4753CA002B1B8E /* PopularAPI.swift */,
				8232F9BE1C47541C002B1B8E /* PopularStore.swift */,
				8232F9BA1C475405002B1B8E /* PopularURL.swift */,
				8232F9C61C47EEA3002B1B8E /* ItemCell.swift */,
				8232F98A1C47537B002B1B8E /* Main.storyboard */,
				8232F98D1C47537B002B1B8E /* Assets.xcassets */,
				8232F98F1C47537B002B1B8E /* LaunchScreen.storyboard */,
				8232F9921C47537B002B1B8E /* Info.plist */,
			);
			path = ZTWWiki;
			sourceTree = "<group>";
		};
		8232F99A1C47537B002B1B8E /* ZTWWikiTests */ = {
			isa = PBXGroup;
			children = (
				8232F99B1C47537B002B1B8E /* ZTWWikiTests.swift */,
				8232F99D1C47537B002B1B8E /* Info.plist */,
			);
			path = ZTWWikiTests;
			sourceTree = "<group>";
		};
		8232F9A51C47537B002B1B8E /* ZTWWikiUITests */ = {
			isa = PBXGroup;
			children = (
				8232F9A61C47537B002B1B8E /* ZTWWikiUITests.swift */,
				8232F9A81C47537B002B1B8E /* Info.plist */,
			);
			path = ZTWWikiUITests;
			sourceTree = "<group>";
		};
/* End PBXGroup section */

/* Begin PBXNativeTarget section */
		8232F9821C47537B002B1B8E /* ZTWWiki */ = {
			isa = PBXNativeTarget;
			buildConfigurationList = 8232F9AB1C47537B002B1B8E /* Build configuration list for PBXNativeTarget "ZTWWiki" */;
			buildPhases = (
				8232F97F1C47537B002B1B8E /* Sources */,
				8232F9801C47537B002B1B8E /* Frameworks */,
				8232F9811C47537B002B1B8E /* Resources */,
			);
			buildRules = (
			);
			dependencies = (
			);
			name = ZTWWiki;
			productName = ZTWWiki;
			productReference = 8232F9831C47537B002B1B8E /* ZTWWiki.app */;
			productType = "com.apple.product-type.application";
		};
		8232F9961C47537B002B1B8E /* ZTWWikiTests */ = {
			isa = PBXNativeTarget;
			buildConfigurationList = 8232F9AE1C47537B002B1B8E /* Build configuration list for PBXNativeTarget "ZTWWikiTests" */;
			buildPhases = (
				8232F9931C47537B002B1B8E /* Sources */,
				8232F9941C47537B002B1B8E /* Frameworks */,
				8232F9951C47537B002B1B8E /* Resources */,
			);
			buildRules = (
			);
			dependencies = (
				8232F9991C47537B002B1B8E /* PBXTargetDependency */,
			);
			name = ZTWWikiTests;
			productName = ZTWWikiTests;
			productReference = 8232F9971C47537B002B1B8E /* ZTWWikiTests.xctest */;
			productType = "com.apple.product-type.bundle.unit-test";
		};
		8232F9A11C47537B002B1B8E /* ZTWWikiUITests */ = {
			isa = PBXNativeTarget;
			buildConfigurationList = 8232F9B11C47537B002B1B8E /* Build configuration list for PBXNativeTarget "ZTWWikiUITests" */;
			buildPhases = (
				8232F99E1C47537B002B1B8E /* Sources */,
				8232F99F1C47537B002B1B8E /* Frameworks */,
				8232F9A01C47537B002B1B8E /* Resources */,
			);
			buildRules = (
			);
			dependencies = (
				8232F9A41C47537B002B1B8E /* PBXTargetDependency */,
			);
			name = ZTWWikiUITests;
			productName = ZTWWikiUITests;
			productReference = 8232F9A21C47537B002B1B8E /* ZTWWikiUITests.xctest */;
			productType = "com.apple.product-type.bundle.ui-testing";
		};
/* End PBXNativeTarget section */

/* Begin PBXProject section */
		8232F97B1C47537B002B1B8E /* Project object */ = {
			isa = PBXProject;
			attributes = {
				LastSwiftUpdateCheck = 0720;
				LastUpgradeCheck = 0720;
				ORGANIZATIONNAME = Wenslow;
				TargetAttributes = {
					8232F9821C47537B002B1B8E = {
						CreatedOnToolsVersion = 7.2;
					};
					8232F9961C47537B002B1B8E = {
						CreatedOnToolsVersion = 7.2;
						DevelopmentTeam = H35F36P2H2;
						TestTargetID = 8232F9821C47537B002B1B8E;
					};
					8232F9A11C47537B002B1B8E = {
						CreatedOnToolsVersion = 7.2;
						DevelopmentTeam = H35F36P2H2;
						TestTargetID = 8232F9821C47537B002B1B8E;
					};
				};
			};
			buildConfigurationList = 8232F97E1C47537B002B1B8E /* Build configuration list for PBXProject "ZTWWiki" */;
			compatibilityVersion = "Xcode 3.2";
			developmentRegion = English;
			hasScannedForEncodings = 0;
			knownRegions = (
				en,
				Base,
			);
			mainGroup = 8232F97A1C47537B002B1B8E;
			productRefGroup = 8232F9841C47537B002B1B8E /* Products */;
			projectDirPath = "";
			projectRoot = "";
			targets = (
				8232F9821C47537B002B1B8E /* ZTWWiki */,
				8232F9961C47537B002B1B8E /* ZTWWikiTests */,
				8232F9A11C47537B002B1B8E /* ZTWWikiUITests */,
			);
		};
/* End PBXProject section */

/* Begin PBXResourcesBuildPhase section */
		8232F9811C47537B002B1B8E /* Resources */ = {
			isa = PBXResourcesBuildPhase;
			buildActionMask = 2147483647;
			files = (
				8232F9911C47537B002B1B8E /* LaunchScreen.storyboard in Resources */,
				8232F98E1C47537B002B1B8E /* Assets.xcassets in Resources */,
				8232F98C1C47537B002B1B8E /* Main.storyboard in Resources */,
			);
			runOnlyForDeploymentPostprocessing = 0;
		};
		8232F9951C47537B002B1B8E /* Resources */ = {
			isa = PBXResourcesBuildPhase;
			buildActionMask = 2147483647;
			files = (
			);
			runOnlyForDeploymentPostprocessing = 0;
		};
		8232F9A01C47537B002B1B8E /* Resources */ = {
			isa = PBXResourcesBuildPhase;
			buildActionMask = 2147483647;
			files = (
			);
			runOnlyForDeploymentPostprocessing = 0;
		};
/* End PBXResourcesBuildPhase section */

/* Begin PBXSourcesBuildPhase section */
		8232F97F1C47537B002B1B8E /* Sources */ = {
			isa = PBXSourcesBuildPhase;
			buildActionMask = 2147483647;
			files = (
				8232F9BF1C47541C002B1B8E /* PopularStore.swift in Sources */,
				8232F9891C47537B002B1B8E /* PopularViewController.swift in Sources */,
				8232F9BB1C475405002B1B8E /* PopularURL.swift in Sources */,
				8232F9C51C47ACB0002B1B8E /* SwiftyJSON.swift in Sources */,
				8232F9C71C47EEA3002B1B8E /* ItemCell.swift in Sources */,
				8232F9871C47537B002B1B8E /* AppDelegate.swift in Sources */,
				8232F9B71C4753CA002B1B8E /* PopularAPI.swift in Sources */,
			);
			runOnlyForDeploymentPostprocessing = 0;
		};
		8232F9931C47537B002B1B8E /* Sources */ = {
			isa = PBXSourcesBuildPhase;
			buildActionMask = 2147483647;
			files = (
				8232F99C1C47537B002B1B8E /* ZTWWikiTests.swift in Sources */,
			);
			runOnlyForDeploymentPostprocessing = 0;
		};
		8232F99E1C47537B002B1B8E /* Sources */ = {
			isa = PBXSourcesBuildPhase;
			buildActionMask = 2147483647;
			files = (
				8232F9A71C47537B002B1B8E /* ZTWWikiUITests.swift in Sources */,
			);
			runOnlyForDeploymentPostprocessing = 0;
		};
/* End PBXSourcesBuildPhase section */

/* Begin PBXTargetDependency section */
		8232F9991C47537B002B1B8E /* PBXTargetDependency */ = {
			isa = PBXTargetDependency;
			target = 8232F9821C47537B002B1B8E /* ZTWWiki */;
			targetProxy = 8232F9981C47537B002B1B8E /* PBXContainerItemProxy */;
		};
		8232F9A41C47537B002B1B8E /* PBXTargetDependency */ = {
			isa = PBXTargetDependency;
			target = 8232F9821C47537B002B1B8E /* ZTWWiki */;
			targetProxy = 8232F9A31C47537B002B1B8E /* PBXContainerItemProxy */;
		};
/* End PBXTargetDependency section */

/* Begin PBXVariantGroup section */
		8232F98A1C47537B002B1B8E /* Main.storyboard */ = {
			isa = PBXVariantGroup;
			children = (
				8232F98B1C47537B002B1B8E /* Base */,
			);
			name = Main.storyboard;
			sourceTree = "<group>";
		};
		8232F98F1C47537B002B1B8E /* LaunchScreen.storyboard */ = {
			isa = PBXVariantGroup;
			children = (
				8232F9901C47537B002B1B8E /* Base */,
			);
			name = LaunchScreen.storyboard;
			sourceTree = "<group>";
		};
/* End PBXVariantGroup section */

/* Begin XCBuildConfiguration section */
		8232F9A91C47537B002B1B8E /* Debug */ = {
			isa = XCBuildConfiguration;
			buildSettings = {
				ALWAYS_SEARCH_USER_PATHS = NO;
				CLANG_CXX_LANGUAGE_STANDARD = "gnu++0x";
				CLANG_CXX_LIBRARY = "libc++";
				CLANG_ENABLE_MODULES = YES;
				CLANG_ENABLE_OBJC_ARC = YES;
				CLANG_WARN_BOOL_CONVERSION = YES;
				CLANG_WARN_CONSTANT_CONVERSION = YES;
				CLANG_WARN_DIRECT_OBJC_ISA_USAGE = YES_ERROR;
				CLANG_WARN_EMPTY_BODY = YES;
				CLANG_WARN_ENUM_CONVERSION = YES;
				CLANG_WARN_INT_CONVERSION = YES;
				CLANG_WARN_OBJC_ROOT_CLASS = YES_ERROR;
				CLANG_WARN_UNREACHABLE_CODE = YES;
				CLANG_WARN__DUPLICATE_METHOD_MATCH = YES;
				"CODE_SIGN_IDENTITY[sdk=iphoneos*]" = "iPhone Developer";
				COPY_PHASE_STRIP = NO;
				DEBUG_INFORMATION_FORMAT = dwarf;
				ENABLE_STRICT_OBJC_MSGSEND = YES;
				ENABLE_TESTABILITY = YES;
				GCC_C_LANGUAGE_STANDARD = gnu99;
				GCC_DYNAMIC_NO_PIC = NO;
				GCC_NO_COMMON_BLOCKS = YES;
				GCC_OPTIMIZATION_LEVEL = 0;
				GCC_PREPROCESSOR_DEFINITIONS = (
					"DEBUG=1",
					"$(inherited)",
				);
				GCC_WARN_64_TO_32_BIT_CONVERSION = YES;
				GCC_WARN_ABOUT_RETURN_TYPE = YES_ERROR;
				GCC_WARN_UNDECLARED_SELECTOR = YES;
				GCC_WARN_UNINITIALIZED_AUTOS = YES_AGGRESSIVE;
				GCC_WARN_UNUSED_FUNCTION = YES;
				GCC_WARN_UNUSED_VARIABLE = YES;
				IPHONEOS_DEPLOYMENT_TARGET = 9.2;
				MTL_ENABLE_DEBUG_INFO = YES;
				ONLY_ACTIVE_ARCH = YES;
				SDKROOT = iphoneos;
				SWIFT_OPTIMIZATION_LEVEL = "-Onone";
			};
			name = Debug;
		};
		8232F9AA1C47537B002B1B8E /* Release */ = {
			isa = XCBuildConfiguration;
			buildSettings = {
				ALWAYS_SEARCH_USER_PATHS = NO;
				CLANG_CXX_LANGUAGE_STANDARD = "gnu++0x";
				CLANG_CXX_LIBRARY = "libc++";
				CLANG_ENABLE_MODULES = YES;
				CLANG_ENABLE_OBJC_ARC = YES;
				CLANG_WARN_BOOL_CONVERSION = YES;
				CLANG_WARN_CONSTANT_CONVERSION = YES;
				CLANG_WARN_DIRECT_OBJC_ISA_USAGE = YES_ERROR;
				CLANG_WARN_EMPTY_BODY = YES;
				CLANG_WARN_ENUM_CONVERSION = YES;
				CLANG_WARN_INT_CONVERSION = YES;
				CLANG_WARN_OBJC_ROOT_CLASS = YES_ERROR;
				CLANG_WARN_UNREACHABLE_CODE = YES;
				CLANG_WARN__DUPLICATE_METHOD_MATCH = YES;
				"CODE_SIGN_IDENTITY[sdk=iphoneos*]" = "iPhone Developer";
				COPY_PHASE_STRIP = NO;
				DEBUG_INFORMATION_FORMAT = "dwarf-with-dsym";
				ENABLE_NS_ASSERTIONS = NO;
				ENABLE_STRICT_OBJC_MSGSEND = YES;
				GCC_C_LANGUAGE_STANDARD = gnu99;
				GCC_NO_COMMON_BLOCKS = YES;
				GCC_WARN_64_TO_32_BIT_CONVERSION = YES;
				GCC_WARN_ABOUT_RETURN_TYPE = YES_ERROR;
				GCC_WARN_UNDECLARED_SELECTOR = YES;
				GCC_WARN_UNINITIALIZED_AUTOS = YES_AGGRESSIVE;
				GCC_WARN_UNUSED_FUNCTION = YES;
				GCC_WARN_UNUSED_VARIABLE = YES;
				IPHONEOS_DEPLOYMENT_TARGET = 9.2;
				MTL_ENABLE_DEBUG_INFO = NO;
				SDKROOT = iphoneos;
				VALIDATE_PRODUCT = YES;
			};
			name = Release;
		};
		8232F9AC1C47537B002B1B8E /* Debug */ = {
			isa = XCBuildConfiguration;
			buildSettings = {
				ASSETCATALOG_COMPILER_APPICON_NAME = AppIcon;
				CODE_SIGN_IDENTITY = "iPhone Developer";
				INFOPLIST_FILE = ZTWWiki/Info.plist;
				IPHONEOS_DEPLOYMENT_TARGET = 9.1;
				LD_RUNPATH_SEARCH_PATHS = "$(inherited) @executable_path/Frameworks";
				PRODUCT_BUNDLE_IDENTIFIER = com.Wenslow.ZTWWiki;
				PRODUCT_NAME = "$(TARGET_NAME)";
			};
			name = Debug;
		};
		8232F9AD1C47537B002B1B8E /* Release */ = {
			isa = XCBuildConfiguration;
			buildSettings = {
				ASSETCATALOG_COMPILER_APPICON_NAME = AppIcon;
				CODE_SIGN_IDENTITY = "iPhone Developer";
				INFOPLIST_FILE = ZTWWiki/Info.plist;
				IPHONEOS_DEPLOYMENT_TARGET = 9.1;
				LD_RUNPATH_SEARCH_PATHS = "$(inherited) @executable_path/Frameworks";
				PRODUCT_BUNDLE_IDENTIFIER = com.Wenslow.ZTWWiki;
				PRODUCT_NAME = "$(TARGET_NAME)";
			};
			name = Release;
		};
		8232F9AF1C47537B002B1B8E /* Debug */ = {
			isa = XCBuildConfiguration;
			buildSettings = {
				BUNDLE_LOADER = "$(TEST_HOST)";
				INFOPLIST_FILE = ZTWWikiTests/Info.plist;
				LD_RUNPATH_SEARCH_PATHS = "$(inherited) @executable_path/Frameworks @loader_path/Frameworks";
				PRODUCT_BUNDLE_IDENTIFIER = com.Wenslow.ZTWWikiTests;
				PRODUCT_NAME = "$(TARGET_NAME)";
				TEST_HOST = "$(BUILT_PRODUCTS_DIR)/ZTWWiki.app/ZTWWiki";
			};
			name = Debug;
		};
		8232F9B01C47537B002B1B8E /* Release */ = {
			isa = XCBuildConfiguration;
			buildSettings = {
				BUNDLE_LOADER = "$(TEST_HOST)";
				INFOPLIST_FILE = ZTWWikiTests/Info.plist;
				LD_RUNPATH_SEARCH_PATHS = "$(inherited) @executable_path/Frameworks @loader_path/Frameworks";
				PRODUCT_BUNDLE_IDENTIFIER = com.Wenslow.ZTWWikiTests;
				PRODUCT_NAME = "$(TARGET_NAME)";
				TEST_HOST = "$(BUILT_PRODUCTS_DIR)/ZTWWiki.app/ZTWWiki";
			};
			name = Release;
		};
		8232F9B21C47537B002B1B8E /* Debug */ = {
			isa = XCBuildConfiguration;
			buildSettings = {
				INFOPLIST_FILE = ZTWWikiUITests/Info.plist;
				LD_RUNPATH_SEARCH_PATHS = "$(inherited) @executable_path/Frameworks @loader_path/Frameworks";
				PRODUCT_BUNDLE_IDENTIFIER = com.Wenslow.ZTWWikiUITests;
				PRODUCT_NAME = "$(TARGET_NAME)";
				TEST_TARGET_NAME = ZTWWiki;
				USES_XCTRUNNER = YES;
			};
			name = Debug;
		};
		8232F9B31C47537B002B1B8E /* Release */ = {
			isa = XCBuildConfiguration;
			buildSettings = {
				INFOPLIST_FILE = ZTWWikiUITests/Info.plist;
				LD_RUNPATH_SEARCH_PATHS = "$(inherited) @executable_path/Frameworks @loader_path/Frameworks";
				PRODUCT_BUNDLE_IDENTIFIER = com.Wenslow.ZTWWikiUITests;
				PRODUCT_NAME = "$(TARGET_NAME)";
				TEST_TARGET_NAME = ZTWWiki;
				USES_XCTRUNNER = YES;
			};
			name = Release;
		};
/* End XCBuildConfiguration section */

/* Begin XCConfigurationList section */
		8232F97E1C47537B002B1B8E /* Build configuration list for PBXProject "ZTWWiki" */ = {
			isa = XCConfigurationList;
			buildConfigurations = (
				8232F9A91C47537B002B1B8E /* Debug */,
				8232F9AA1C47537B002B1B8E /* Release */,
			);
			defaultConfigurationIsVisible = 0;
			defaultConfigurationName = Release;
		};
		8232F9AB1C47537B002B1B8E /* Build configuration list for PBXNativeTarget "ZTWWiki" */ = {
			isa = XCConfigurationList;
			buildConfigurations = (
				8232F9AC1C47537B002B1B8E /* Debug */,
				8232F9AD1C47537B002B1B8E /* Release */,
			);
			defaultConfigurationIsVisible = 0;
			defaultConfigurationName = Release;
		};
		8232F9AE1C47537B002B1B8E /* Build configuration list for PBXNativeTarget "ZTWWikiTests" */ = {
			isa = XCConfigurationList;
			buildConfigurations = (
				8232F9AF1C47537B002B1B8E /* Debug */,
				8232F9B01C47537B002B1B8E /* Release */,
			);
			defaultConfigurationIsVisible = 0;
			defaultConfigurationName = Release;
		};
		8232F9B11C47537B002B1B8E /* Build configuration list for PBXNativeTarget "ZTWWikiUITests" */ = {
			isa = XCConfigurationList;
			buildConfigurations = (
				8232F9B21C47537B002B1B8E /* Debug */,
				8232F9B31C47537B002B1B8E /* Release */,
			);
			defaultConfigurationIsVisible = 0;
			defaultConfigurationName = Release;
		};
/* End XCConfigurationList section */
	};
	rootObject = 8232F97B1C47537B002B1B8E /* Project object */;
}
