// !$*UTF8*$!
{
	archiveVersion = 1;
	classes = {
	};
	objectVersion = 46;
	objects = {

/* Begin PBXBuildFile section */
		82D362F81C412A3D00672CFF /* AppDelegate.swift in Sources */ = {isa = PBXBuildFile; fileRef = 82D362F71C412A3D00672CFF /* AppDelegate.swift */; };
		82D362FD1C412A3D00672CFF /* Main.storyboard in Resources */ = {isa = PBXBuildFile; fileRef = 82D362FB1C412A3D00672CFF /* Main.storyboard */; };
		82D362FF1C412A3D00672CFF /* Assets.xcassets in Resources */ = {isa = PBXBuildFile; fileRef = 82D362FE1C412A3D00672CFF /* Assets.xcassets */; };
		82D363021C412A3D00672CFF /* LaunchScreen.storyboard in Resources */ = {isa = PBXBuildFile; fileRef = 82D363001C412A3D00672CFF /* LaunchScreen.storyboard */; };
		82D3630A1C4134AA00672CFF /* PhotoViewController.swift in Sources */ = {isa = PBXBuildFile; fileRef = 82D363091C4134AA00672CFF /* PhotoViewController.swift */; };
		82D3630C1C413C8D00672CFF /* FlickrAPI.swift in Sources */ = {isa = PBXBuildFile; fileRef = 82D3630B1C413C8D00672CFF /* FlickrAPI.swift */; };
		82D3630E1C41400300672CFF /* PhotoStore.swift in Sources */ = {isa = PBXBuildFile; fileRef = 82D3630D1C41400200672CFF /* PhotoStore.swift */; };
		82D363101C41485F00672CFF /* Photo.swift in Sources */ = {isa = PBXBuildFile; fileRef = 82D3630F1C41485F00672CFF /* Photo.swift */; };
/* End PBXBuildFile section */

/* Begin PBXFileReference section */
		82D362F41C412A3D00672CFF /* Photorama.app */ = {isa = PBXFileReference; explicitFileType = wrapper.application; includeInIndex = 0; path = Photorama.app; sourceTree = BUILT_PRODUCTS_DIR; };
		82D362F71C412A3D00672CFF /* AppDelegate.swift */ = {isa = PBXFileReference; lastKnownFileType = sourcecode.swift; path = AppDelegate.swift; sourceTree = "<group>"; };
		82D362FC1C412A3D00672CFF /* Base */ = {isa = PBXFileReference; lastKnownFileType = file.storyboard; name = Base; path = Base.lproj/Main.storyboard; sourceTree = "<group>"; };
		82D362FE1C412A3D00672CFF /* Assets.xcassets */ = {isa = PBXFileReference; lastKnownFileType = folder.assetcatalog; path = Assets.xcassets; sourceTree = "<group>"; };
		82D363011C412A3D00672CFF /* Base */ = {isa = PBXFileReference; lastKnownFileType = file.storyboard; name = Base; path = Base.lproj/LaunchScreen.storyboard; sourceTree = "<group>"; };
		82D363031C412A3D00672CFF /* Info.plist */ = {isa = PBXFileReference; lastKnownFileType = text.plist.xml; path = Info.plist; sourceTree = "<group>"; };
		82D363091C4134AA00672CFF /* PhotoViewController.swift */ = {isa = PBXFileReference; fileEncoding = 4; lastKnownFileType = sourcecode.swift; path = PhotoViewController.swift; sourceTree = "<group>"; };
		82D3630B1C413C8D00672CFF /* FlickrAPI.swift */ = {isa = PBXFileReference; fileEncoding = 4; lastKnownFileType = sourcecode.swift; path = FlickrAPI.swift; sourceTree = "<group>"; };
		82D3630D1C41400200672CFF /* PhotoStore.swift */ = {isa = PBXFileReference; fileEncoding = 4; lastKnownFileType = sourcecode.swift; path = PhotoStore.swift; sourceTree = "<group>"; };
		82D3630F1C41485F00672CFF /* Photo.swift */ = {isa = PBXFileReference; fileEncoding = 4; lastKnownFileType = sourcecode.swift; path = Photo.swift; sourceTree = "<group>"; };
/* End PBXFileReference section */

/* Begin PBXFrameworksBuildPhase section */
		82D362F11C412A3D00672CFF /* Frameworks */ = {
			isa = PBXFrameworksBuildPhase;
			buildActionMask = 2147483647;
			files = (
			);
			runOnlyForDeploymentPostprocessing = 0;
		};
/* End PBXFrameworksBuildPhase section */

/* Begin PBXGroup section */
		82D362EB1C412A3D00672CFF = {
			isa = PBXGroup;
			children = (
				82D362F61C412A3D00672CFF /* Photorama */,
				82D362F51C412A3D00672CFF /* Products */,
			);
			sourceTree = "<group>";
		};
		82D362F51C412A3D00672CFF /* Products */ = {
			isa = PBXGroup;
			children = (
				82D362F41C412A3D00672CFF /* Photorama.app */,
			);
			name = Products;
			sourceTree = "<group>";
		};
		82D362F61C412A3D00672CFF /* Photorama */ = {
			isa = PBXGroup;
			children = (
				82D362F71C412A3D00672CFF /* AppDelegate.swift */,
				82D363091C4134AA00672CFF /* PhotoViewController.swift */,
				82D3630B1C413C8D00672CFF /* FlickrAPI.swift */,
				82D3630D1C41400200672CFF /* PhotoStore.swift */,
				82D3630F1C41485F00672CFF /* Photo.swift */,
				82D362FB1C412A3D00672CFF /* Main.storyboard */,
				82D362FE1C412A3D00672CFF /* Assets.xcassets */,
				82D363001C412A3D00672CFF /* LaunchScreen.storyboard */,
				82D363031C412A3D00672CFF /* Info.plist */,
			);
			path = Photorama;
			sourceTree = "<group>";
		};
/* End PBXGroup section */

/* Begin PBXNativeTarget section */
		82D362F31C412A3D00672CFF /* Photorama */ = {
			isa = PBXNativeTarget;
			buildConfigurationList = 82D363061C412A3D00672CFF /* Build configuration list for PBXNativeTarget "Photorama" */;
			buildPhases = (
				82D362F01C412A3D00672CFF /* Sources */,
				82D362F11C412A3D00672CFF /* Frameworks */,
				82D362F21C412A3D00672CFF /* Resources */,
			);
			buildRules = (
			);
			dependencies = (
			);
			name = Photorama;
			productName = Photorama;
			productReference = 82D362F41C412A3D00672CFF /* Photorama.app */;
			productType = "com.apple.product-type.application";
		};
/* End PBXNativeTarget section */

/* Begin PBXProject section */
		82D362EC1C412A3D00672CFF /* Project object */ = {
			isa = PBXProject;
			attributes = {
				LastSwiftUpdateCheck = 0720;
				LastUpgradeCheck = 0720;
				ORGANIZATIONNAME = Wenslow;
				TargetAttributes = {
					82D362F31C412A3D00672CFF = {
						CreatedOnToolsVersion = 7.2;
						DevelopmentTeam = H35F36P2H2;
					};
				};
			};
			buildConfigurationList = 82D362EF1C412A3D00672CFF /* Build configuration list for PBXProject "Photorama" */;
			compatibilityVersion = "Xcode 3.2";
			developmentRegion = English;
			hasScannedForEncodings = 0;
			knownRegions = (
				en,
				Base,
			);
			mainGroup = 82D362EB1C412A3D00672CFF;
			productRefGroup = 82D362F51C412A3D00672CFF /* Products */;
			projectDirPath = "";
			projectRoot = "";
			targets = (
				82D362F31C412A3D00672CFF /* Photorama */,
			);
		};
/* End PBXProject section */

/* Begin PBXResourcesBuildPhase section */
		82D362F21C412A3D00672CFF /* Resources */ = {
			isa = PBXResourcesBuildPhase;
			buildActionMask = 2147483647;
			files = (
				82D363021C412A3D00672CFF /* LaunchScreen.storyboard in Resources */,
				82D362FF1C412A3D00672CFF /* Assets.xcassets in Resources */,
				82D362FD1C412A3D00672CFF /* Main.storyboard in Resources */,
			);
			runOnlyForDeploymentPostprocessing = 0;
		};
/* End PBXResourcesBuildPhase section */

/* Begin PBXSourcesBuildPhase section */
		82D362F01C412A3D00672CFF /* Sources */ = {
			isa = PBXSourcesBuildPhase;
			buildActionMask = 2147483647;
			files = (
				82D3630C1C413C8D00672CFF /* FlickrAPI.swift in Sources */,
				82D362F81C412A3D00672CFF /* AppDelegate.swift in Sources */,
				82D3630E1C41400300672CFF /* PhotoStore.swift in Sources */,
				82D3630A1C4134AA00672CFF /* PhotoViewController.swift in Sources */,
				82D363101C41485F00672CFF /* Photo.swift in Sources */,
			);
			runOnlyForDeploymentPostprocessing = 0;
		};
/* End PBXSourcesBuildPhase section */

/* Begin PBXVariantGroup section */
		82D362FB1C412A3D00672CFF /* Main.storyboard */ = {
			isa = PBXVariantGroup;
			children = (
				82D362FC1C412A3D00672CFF /* Base */,
			);
			name = Main.storyboard;
			sourceTree = "<group>";
		};
		82D363001C412A3D00672CFF /* LaunchScreen.storyboard */ = {
			isa = PBXVariantGroup;
			children = (
				82D363011C412A3D00672CFF /* Base */,
			);
			name = LaunchScreen.storyboard;
			sourceTree = "<group>";
		};
/* End PBXVariantGroup section */

/* Begin XCBuildConfiguration section */
		82D363041C412A3D00672CFF /* Debug */ = {
			isa = XCBuildConfiguration;
			buildSettings = {
				ALWAYS_SEARCH_USER_PATHS = NO;
				CLANG_CXX_LANGUAGE_STANDARD = "gnu++0x";
				CLANG_CXX_LIBRARY = "libc++";
				CLANG_ENABLE_MODULES = YES;
				CLANG_ENABLE_OBJC_ARC = YES;
				CLANG_WARN_BOOL_CONVERSION = YES;
				CLANG_WARN_CONSTANT_CONVERSION = YES;
				CLANG_WARN_DIRECT_OBJC_ISA_USAGE = YES_ERROR;
				CLANG_WARN_EMPTY_BODY = YES;
				CLANG_WARN_ENUM_CONVERSION = YES;
				CLANG_WARN_INT_CONVERSION = YES;
				CLANG_WARN_OBJC_ROOT_CLASS = YES_ERROR;
				CLANG_WARN_UNREACHABLE_CODE = YES;
				CLANG_WARN__DUPLICATE_METHOD_MATCH = YES;
				"CODE_SIGN_IDENTITY[sdk=iphoneos*]" = "iPhone Developer";
				COPY_PHASE_STRIP = NO;
				DEBUG_INFORMATION_FORMAT = dwarf;
				ENABLE_STRICT_OBJC_MSGSEND = YES;
				ENABLE_TESTABILITY = YES;
				GCC_C_LANGUAGE_STANDARD = gnu99;
				GCC_DYNAMIC_NO_PIC = NO;
				GCC_NO_COMMON_BLOCKS = YES;
				GCC_OPTIMIZATION_LEVEL = 0;
				GCC_PREPROCESSOR_DEFINITIONS = (
					"DEBUG=1",
					"$(inherited)",
				);
				GCC_WARN_64_TO_32_BIT_CONVERSION = YES;
				GCC_WARN_ABOUT_RETURN_TYPE = YES_ERROR;
				GCC_WARN_UNDECLARED_SELECTOR = YES;
				GCC_WARN_UNINITIALIZED_AUTOS = YES_AGGRESSIVE;
				GCC_WARN_UNUSED_FUNCTION = YES;
				GCC_WARN_UNUSED_VARIABLE = YES;
				IPHONEOS_DEPLOYMENT_TARGET = 9.2;
				MTL_ENABLE_DEBUG_INFO = YES;
				ONLY_ACTIVE_ARCH = YES;
				SDKROOT = iphoneos;
				SWIFT_OPTIMIZATION_LEVEL = "-Onone";
			};
			name = Debug;
		};
		82D363051C412A3D00672CFF /* Release */ = {
			isa = XCBuildConfiguration;
			buildSettings = {
				ALWAYS_SEARCH_USER_PATHS = NO;
				CLANG_CXX_LANGUAGE_STANDARD = "gnu++0x";
				CLANG_CXX_LIBRARY = "libc++";
				CLANG_ENABLE_MODULES = YES;
				CLANG_ENABLE_OBJC_ARC = YES;
				CLANG_WARN_BOOL_CONVERSION = YES;
				CLANG_WARN_CONSTANT_CONVERSION = YES;
				CLANG_WARN_DIRECT_OBJC_ISA_USAGE = YES_ERROR;
				CLANG_WARN_EMPTY_BODY = YES;
				CLANG_WARN_ENUM_CONVERSION = YES;
				CLANG_WARN_INT_CONVERSION = YES;
				CLANG_WARN_OBJC_ROOT_CLASS = YES_ERROR;
				CLANG_WARN_UNREACHABLE_CODE = YES;
				CLANG_WARN__DUPLICATE_METHOD_MATCH = YES;
				"CODE_SIGN_IDENTITY[sdk=iphoneos*]" = "iPhone Developer";
				COPY_PHASE_STRIP = NO;
				DEBUG_INFORMATION_FORMAT = "dwarf-with-dsym";
				ENABLE_NS_ASSERTIONS = NO;
				ENABLE_STRICT_OBJC_MSGSEND = YES;
				GCC_C_LANGUAGE_STANDARD = gnu99;
				GCC_NO_COMMON_BLOCKS = YES;
				GCC_WARN_64_TO_32_BIT_CONVERSION = YES;
				GCC_WARN_ABOUT_RETURN_TYPE = YES_ERROR;
				GCC_WARN_UNDECLARED_SELECTOR = YES;
				GCC_WARN_UNINITIALIZED_AUTOS = YES_AGGRESSIVE;
				GCC_WARN_UNUSED_FUNCTION = YES;
				GCC_WARN_UNUSED_VARIABLE = YES;
				IPHONEOS_DEPLOYMENT_TARGET = 9.2;
				MTL_ENABLE_DEBUG_INFO = NO;
				SDKROOT = iphoneos;
				VALIDATE_PRODUCT = YES;
			};
			name = Release;
		};
		82D363071C412A3D00672CFF /* Debug */ = {
			isa = XCBuildConfiguration;
			buildSettings = {
				ASSETCATALOG_COMPILER_APPICON_NAME = AppIcon;
				INFOPLIST_FILE = Photorama/Info.plist;
				IPHONEOS_DEPLOYMENT_TARGET = 9.1;
				LD_RUNPATH_SEARCH_PATHS = "$(inherited) @executable_path/Frameworks";
				PRODUCT_BUNDLE_IDENTIFIER = com.Wenslow.Photorama;
				PRODUCT_NAME = "$(TARGET_NAME)";
				TARGETED_DEVICE_FAMILY = "1,2";
			};
			name = Debug;
		};
		82D363081C412A3D00672CFF /* Release */ = {
			isa = XCBuildConfiguration;
			buildSettings = {
				ASSETCATALOG_COMPILER_APPICON_NAME = AppIcon;
				INFOPLIST_FILE = Photorama/Info.plist;
				IPHONEOS_DEPLOYMENT_TARGET = 9.1;
				LD_RUNPATH_SEARCH_PATHS = "$(inherited) @executable_path/Frameworks";
				PRODUCT_BUNDLE_IDENTIFIER = com.Wenslow.Photorama;
				PRODUCT_NAME = "$(TARGET_NAME)";
				TARGETED_DEVICE_FAMILY = "1,2";
			};
			name = Release;
		};
/* End XCBuildConfiguration section */

/* Begin XCConfigurationList section */
		82D362EF1C412A3D00672CFF /* Build configuration list for PBXProject "Photorama" */ = {
			isa = XCConfigurationList;
			buildConfigurations = (
				82D363041C412A3D00672CFF /* Debug */,
				82D363051C412A3D00672CFF /* Release */,
			);
			defaultConfigurationIsVisible = 0;
			defaultConfigurationName = Release;
		};
		82D363061C412A3D00672CFF /* Build configuration list for PBXNativeTarget "Photorama" */ = {
			isa = XCConfigurationList;
			buildConfigurations = (
				82D363071C412A3D00672CFF /* Debug */,
				82D363081C412A3D00672CFF /* Release */,
			);
			defaultConfigurationIsVisible = 0;
		};
/* End XCConfigurationList section */
	};
	rootObject = 82D362EC1C412A3D00672CFF /* Project object */;
}
